
Microsoft Visual Studio Solution File, Format Version 12.00
# Visual Studio Version 17
VisualStudioVersion = 17.7.34221.43
MinimumVisualStudioVersion = 10.0.40219.1
Project("{9A19103F-16F7-4668-BE54-9A1E7A4F7556}") = "Net.Utils.TaskManager", "Net.Utils.TaskManager\Net.Utils.TaskManager.csproj", "{419512DE-5C6F-4F26-850F-E345EEC7B415}"
EndProject
Project("{9A19103F-16F7-4668-BE54-9A1E7A4F7556}") = "Net.Utils.TaskManager.Tests", "Net.Utils.TaskManager.Tests\Net.Utils.TaskManager.Tests.csproj", "{B0B90F46-E724-41F7-B04B-210E2D158123}"
EndProject
Global
	GlobalSection(SolutionConfigurationPlatforms) = preSolution
		Debug|Any CPU = Debug|Any CPU
		Release|Any CPU = Release|Any CPU
	EndGlobalSection
	GlobalSection(ProjectConfigurationPlatforms) = postSolution
		{419512DE-5C6F-4F26-850F-E345EEC7B415}.Debug|Any CPU.ActiveCfg = Debug|Any CPU
		{419512DE-5C6F-4F26-850F-E345EEC7B415}.Debug|Any CPU.Build.0 = Debug|Any CPU
		{419512DE-5C6F-4F26-850F-E345EEC7B415}.Release|Any CPU.ActiveCfg = Release|Any CPU
		{419512DE-5C6F-4F26-850F-E345EEC7B415}.Release|Any CPU.Build.0 = Release|Any CPU
		{B0B90F46-E724-41F7-B04B-210E2D158123}.Debug|Any CPU.ActiveCfg = Debug|Any CPU
		{B0B90F46-E724-41F7-B04B-210E2D158123}.Debug|Any CPU.Build.0 = Debug|Any CPU
		{B0B90F46-E724-41F7-B04B-210E2D158123}.Release|Any CPU.ActiveCfg = Release|Any CPU
		{B0B90F46-E724-41F7-B04B-210E2D158123}.Release|Any CPU.Build.0 = Release|Any CPU
	EndGlobalSection
	GlobalSection(SolutionProperties) = preSolution
		HideSolutionNode = FALSE
	EndGlobalSection
	GlobalSection(ExtensibilityGlobals) = postSolution
		SolutionGuid = {8A09D99B-EC64-47C5-AED1-07C4ED6E26BC}
	EndGlobalSection
EndGlobal
